
Microsoft Visual Studio Solution File, Format Version 12.00
# Visual Studio 15
VisualStudioVersion = 15.0.27703.2000
MinimumVisualStudioVersion = 10.0.40219.1
Project("{FAE04EC0-301F-11D3-BF4B-00C04F79EFBC}") = "LiveFactory.Pusher", "LiveFactory.Pusher\LiveFactory.Pusher.csproj", "{66105531-62D6-46F7-8DC6-C27BD1EAFC4A}"
EndProject
Project("{9A19103F-16F7-4668-BE54-9A1E7A4F7556}") = "LiveCommand.Common", "..\LiveCommand.Common\LiveCommand.Common.csproj", "{32160C2B-D33F-4069-AB0E-14DBC6798F2E}"
EndProject
Global
	GlobalSection(SolutionConfigurationPlatforms) = preSolution
		Debug|Any CPU = Debug|Any CPU
		Release|Any CPU = Release|Any CPU
	EndGlobalSection
	GlobalSection(ProjectConfigurationPlatforms) = postSolution
		{66105531-62D6-46F7-8DC6-C27BD1EAFC4A}.Debug|Any CPU.ActiveCfg = Debug|Any CPU
		{66105531-62D6-46F7-8DC6-C27BD1EAFC4A}.Debug|Any CPU.Build.0 = Debug|Any CPU
		{66105531-62D6-46F7-8DC6-C27BD1EAFC4A}.Release|Any CPU.ActiveCfg = Release|Any CPU
		{66105531-62D6-46F7-8DC6-C27BD1EAFC4A}.Release|Any CPU.Build.0 = Release|Any CPU
		{32160C2B-D33F-4069-AB0E-14DBC6798F2E}.Debug|Any CPU.ActiveCfg = Debug|Any CPU
		{32160C2B-D33F-4069-AB0E-14DBC6798F2E}.Debug|Any CPU.Build.0 = Debug|Any CPU
		{32160C2B-D33F-4069-AB0E-14DBC6798F2E}.Release|Any CPU.ActiveCfg = Release|Any CPU
		{32160C2B-D33F-4069-AB0E-14DBC6798F2E}.Release|Any CPU.Build.0 = Release|Any CPU
	EndGlobalSection
	GlobalSection(SolutionProperties) = preSolution
		HideSolutionNode = FALSE
	EndGlobalSection
	GlobalSection(ExtensibilityGlobals) = postSolution
		SolutionGuid = {F1BF2B0B-85C6-4670-BCC2-90186741CCA3}
	EndGlobalSection
EndGlobal
